# THIS IS AN AUTOGENERATED FILE. DO NOT EDIT THIS FILE DIRECTLY.
# yarn lockfile v1


"@types/tiny-secp256k1@^2.0.1":
  version "2.0.1"
  resolved "https://registry.npmmirror.com/@types/tiny-secp256k1/-/tiny-secp256k1-2.0.1.tgz#a2a1a1e8f377ac63419464c6ce05b8bec109c39c"
  integrity sha512-3UmSOVZR8nqCk50r/ODnT58+FutNzf1NpJHSW69Lc33ZDvOVciKHYOcBN/BXPzYWzWvM0GvHVnxv6HNHxOKXbg==
  dependencies:
    tiny-secp256k1 "*"

tiny-secp256k1@*:
  version "2.2.3"
  resolved "https://registry.npmmirror.com/tiny-secp256k1/-/tiny-secp256k1-2.2.3.tgz#fe1dde11a64fcee2091157d4b78bcb300feb9b65"
  integrity sha512-SGcL07SxcPN2nGKHTCvRMkQLYPSoeFcvArUSCYtjVARiFAWU44cCIqYS0mYAU6nY7XfvwURuTIGo2Omt3ZQr0Q==
  dependencies:
    uint8array-tools "0.0.7"

uint8array-tools@0.0.7:
  version "0.0.7"
  resolved "https://registry.npmmirror.com/uint8array-tools/-/uint8array-tools-0.0.7.tgz#a7a2bb5d8836eae2fade68c771454e6a438b390d"
  integrity sha512-vrrNZJiusLWoFWBqz5Y5KMCgP9W9hnjZHzZiZRT8oNAkq3d5Z5Oe76jAvVVSRh4U8GGR90N2X1dWtrhvx6L8UQ==
